// !$*UTF8*$!
{
	archiveVersion = 1;
	classes = {
	};
	objectVersion = 48;
	objects = {

/* Begin PBXBuildFile section */
		D4DC143D1FE72D2500AC40FE /* AppDelegate.swift in Sources */ = {isa = PBXBuildFile; fileRef = D4DC143C1FE72D2500AC40FE /* AppDelegate.swift */; };
		D4DC143F1FE72D2500AC40FE /* ViewController.swift in Sources */ = {isa = PBXBuildFile; fileRef = D4DC143E1FE72D2500AC40FE /* ViewController.swift */; };
		D4DC14421FE72D2500AC40FE /* Main.storyboard in Resources */ = {isa = PBXBuildFile; fileRef = D4DC14401FE72D2500AC40FE /* Main.storyboard */; };
		D4DC14441FE72D2500AC40FE /* Assets.xcassets in Resources */ = {isa = PBXBuildFile; fileRef = D4DC14431FE72D2500AC40FE /* Assets.xcassets */; };
		D4DC14471FE72D2500AC40FE /* LaunchScreen.storyboard in Resources */ = {isa = PBXBuildFile; fileRef = D4DC14451FE72D2500AC40FE /* LaunchScreen.storyboard */; };
/* End PBXBuildFile section */

/* Begin PBXFileReference section */
		D4DC14391FE72D2500AC40FE /* passDataBetweenSegues.app */ = {isa = PBXFileReference; explicitFileType = wrapper.application; includeInIndex = 0; path = passDataBetweenSegues.app; sourceTree = BUILT_PRODUCTS_DIR; };
		D4DC143C1FE72D2500AC40FE /* AppDelegate.swift */ = {isa = PBXFileReference; lastKnownFileType = sourcecode.swift; path = AppDelegate.swift; sourceTree = "<group>"; };
		D4DC143E1FE72D2500AC40FE /* ViewController.swift */ = {isa = PBXFileReference; lastKnownFileType = sourcecode.swift; path = ViewController.swift; sourceTree = "<group>"; };
		D4DC14411FE72D2500AC40FE /* Base */ = {isa = PBXFileReference; lastKnownFileType = file.storyboard; name = Base; path = Base.lproj/Main.storyboard; sourceTree = "<group>"; };
		D4DC14431FE72D2500AC40FE /* Assets.xcassets */ = {isa = PBXFileReference; lastKnownFileType = folder.assetcatalog; path = Assets.xcassets; sourceTree = "<group>"; };
		D4DC14461FE72D2500AC40FE /* Base */ = {isa = PBXFileReference; lastKnownFileType = file.storyboard; name = Base; path = Base.lproj/LaunchScreen.storyboard; sourceTree = "<group>"; };
		D4DC14481FE72D2500AC40FE /* Info.plist */ = {isa = PBXFileReference; lastKnownFileType = text.plist.xml; path = Info.plist; sourceTree = "<group>"; };
/* End PBXFileReference section */

/* Begin PBXFrameworksBuildPhase section */
		D4DC14361FE72D2500AC40FE /* Frameworks */ = {
			isa = PBXFrameworksBuildPhase;
			buildActionMask = 2147483647;
			files = (
			);
			runOnlyForDeploymentPostprocessing = 0;
		};
/* End PBXFrameworksBuildPhase section */

/* Begin PBXGroup section */
		D4DC14301FE72D2500AC40FE = {
			isa = PBXGroup;
			children = (
				D4DC143B1FE72D2500AC40FE /* passDataBetweenSegues */,
				D4DC143A1FE72D2500AC40FE /* Products */,
			);
			sourceTree = "<group>";
		};
		D4DC143A1FE72D2500AC40FE /* Products */ = {
			isa = PBXGroup;
			children = (
				D4DC14391FE72D2500AC40FE /* passDataBetweenSegues.app */,
			);
			name = Products;
			sourceTree = "<group>";
		};
		D4DC143B1FE72D2500AC40FE /* passDataBetweenSegues */ = {
			isa = PBXGroup;
			children = (
				D4DC143C1FE72D2500AC40FE /* AppDelegate.swift */,
				D4DC143E1FE72D2500AC40FE /* ViewController.swift */,
				D4DC14401FE72D2500AC40FE /* Main.storyboard */,
				D4DC14431FE72D2500AC40FE /* Assets.xcassets */,
				D4DC14451FE72D2500AC40FE /* LaunchScreen.storyboard */,
				D4DC14481FE72D2500AC40FE /* Info.plist */,
			);
			path = passDataBetweenSegues;
			sourceTree = "<group>";
		};
/* End PBXGroup section */

/* Begin PBXNativeTarget section */
		D4DC14381FE72D2500AC40FE /* passDataBetweenSegues */ = {
			isa = PBXNativeTarget;
			buildConfigurationList = D4DC144B1FE72D2500AC40FE /* Build configuration list for PBXNativeTarget "passDataBetweenSegues" */;
			buildPhases = (
				D4DC14351FE72D2500AC40FE /* Sources */,
				D4DC14361FE72D2500AC40FE /* Frameworks */,
				D4DC14371FE72D2500AC40FE /* Resources */,
			);
			buildRules = (
			);
			dependencies = (
			);
			name = passDataBetweenSegues;
			productName = passDataBetweenSegues;
			productReference = D4DC14391FE72D2500AC40FE /* passDataBetweenSegues.app */;
			productType = "com.apple.product-type.application";
		};
/* End PBXNativeTarget section */

/* Begin PBXProject section */
		D4DC14311FE72D2500AC40FE /* Project object */ = {
			isa = PBXProject;
			attributes = {
				LastSwiftUpdateCheck = 0920;
				LastUpgradeCheck = 0920;
				ORGANIZATIONNAME = "Ion Ioxa";
				TargetAttributes = {
					D4DC14381FE72D2500AC40FE = {
						CreatedOnToolsVersion = 9.2;
						ProvisioningStyle = Automatic;
					};
				};
			};
			buildConfigurationList = D4DC14341FE72D2500AC40FE /* Build configuration list for PBXProject "passDataBetweenSegues" */;
			compatibilityVersion = "Xcode 8.0";
			developmentRegion = en;
			hasScannedForEncodings = 0;
			knownRegions = (
				en,
				Base,
			);
			mainGroup = D4DC14301FE72D2500AC40FE;
			productRefGroup = D4DC143A1FE72D2500AC40FE /* Products */;
			projectDirPath = "";
			projectRoot = "";
			targets = (
				D4DC14381FE72D2500AC40FE /* passDataBetweenSegues */,
			);
		};
/* End PBXProject section */

/* Begin PBXResourcesBuildPhase section */
		D4DC14371FE72D2500AC40FE /* Resources */ = {
			isa = PBXResourcesBuildPhase;
			buildActionMask = 2147483647;
			files = (
				D4DC14471FE72D2500AC40FE /* LaunchScreen.storyboard in Resources */,
				D4DC14441FE72D2500AC40FE /* Assets.xcassets in Resources */,
				D4DC14421FE72D2500AC40FE /* Main.storyboard in Resources */,
			);
			runOnlyForDeploymentPostprocessing = 0;
		};
/* End PBXResourcesBuildPhase section */

/* Begin PBXSourcesBuildPhase section */
		D4DC14351FE72D2500AC40FE /* Sources */ = {
			isa = PBXSourcesBuildPhase;
			buildActionMask = 2147483647;
			files = (
				D4DC143F1FE72D2500AC40FE /* ViewController.swift in Sources */,
				D4DC143D1FE72D2500AC40FE /* AppDelegate.swift in Sources */,
			);
			runOnlyForDeploymentPostprocessing = 0;
		};
/* End PBXSourcesBuildPhase section */

/* Begin PBXVariantGroup section */
		D4DC14401FE72D2500AC40FE /* Main.storyboard */ = {
			isa = PBXVariantGroup;
			children = (
				D4DC14411FE72D2500AC40FE /* Base */,
			);
			name = Main.storyboard;
			sourceTree = "<group>";
		};
		D4DC14451FE72D2500AC40FE /* LaunchScreen.storyboard */ = {
			isa = PBXVariantGroup;
			children = (
				D4DC14461FE72D2500AC40FE /* Base */,
			);
			name = LaunchScreen.storyboard;
			sourceTree = "<group>";
		};
/* End PBXVariantGroup section */

/* Begin XCBuildConfiguration section */
		D4DC14491FE72D2500AC40FE /* Debug */ = {
			isa = XCBuildConfiguration;
			buildSettings = {
				ALWAYS_SEARCH_USER_PATHS = NO;
				CLANG_ANALYZER_NONNULL = YES;
				CLANG_ANALYZER_NUMBER_OBJECT_CONVERSION = YES_AGGRESSIVE;
				CLANG_CXX_LANGUAGE_STANDARD = "gnu++14";
				CLANG_CXX_LIBRARY = "libc++";
				CLANG_ENABLE_MODULES = YES;
				CLANG_ENABLE_OBJC_ARC = YES;
				CLANG_WARN_BLOCK_CAPTURE_AUTORELEASING = YES;
				CLANG_WARN_BOOL_CONVERSION = YES;
				CLANG_WARN_COMMA = YES;
				CLANG_WARN_CONSTANT_CONVERSION = YES;
				CLANG_WARN_DIRECT_OBJC_ISA_USAGE = YES_ERROR;
				CLANG_WARN_DOCUMENTATION_COMMENTS = YES;
				CLANG_WARN_EMPTY_BODY = YES;
				CLANG_WARN_ENUM_CONVERSION = YES;
				CLANG_WARN_INFINITE_RECURSION = YES;
				CLANG_WARN_INT_CONVERSION = YES;
				CLANG_WARN_NON_LITERAL_NULL_CONVERSION = YES;
				CLANG_WARN_OBJC_LITERAL_CONVERSION = YES;
				CLANG_WARN_OBJC_ROOT_CLASS = YES_ERROR;
				CLANG_WARN_RANGE_LOOP_ANALYSIS = YES;
				CLANG_WARN_STRICT_PROTOTYPES = YES;
				CLANG_WARN_SUSPICIOUS_MOVE = YES;
				CLANG_WARN_UNGUARDED_AVAILABILITY = YES_AGGRESSIVE;
				CLANG_WARN_UNREACHABLE_CODE = YES;
				CLANG_WARN__DUPLICATE_METHOD_MATCH = YES;
				CODE_SIGN_IDENTITY = "iPhone Developer";
				COPY_PHASE_STRIP = NO;
				DEBUG_INFORMATION_FORMAT = dwarf;
				ENABLE_STRICT_OBJC_MSGSEND = YES;
				ENABLE_TESTABILITY = YES;
				GCC_C_LANGUAGE_STANDARD = gnu11;
				GCC_DYNAMIC_NO_PIC = NO;
				GCC_NO_COMMON_BLOCKS = YES;
				GCC_OPTIMIZATION_LEVEL = 0;
				GCC_PREPROCESSOR_DEFINITIONS = (
					"DEBUG=1",
					"$(inherited)",
				);
				GCC_WARN_64_TO_32_BIT_CONVERSION = YES;
				GCC_WARN_ABOUT_RETURN_TYPE = YES_ERROR;
				GCC_WARN_UNDECLARED_SELECTOR = YES;
				GCC_WARN_UNINITIALIZED_AUTOS = YES_AGGRESSIVE;
				GCC_WARN_UNUSED_FUNCTION = YES;
				GCC_WARN_UNUSED_VARIABLE = YES;
				IPHONEOS_DEPLOYMENT_TARGET = 11.2;
				MTL_ENABLE_DEBUG_INFO = YES;
				ONLY_ACTIVE_ARCH = YES;
				SDKROOT = iphoneos;
				SWIFT_ACTIVE_COMPILATION_CONDITIONS = DEBUG;
				SWIFT_OPTIMIZATION_LEVEL = "-Onone";
			};
			name = Debug;
		};
		D4DC144A1FE72D2500AC40FE /* Release */ = {
			isa = XCBuildConfiguration;
			buildSettings = {
				ALWAYS_SEARCH_USER_PATHS = NO;
				CLANG_ANALYZER_NONNULL = YES;
				CLANG_ANALYZER_NUMBER_OBJECT_CONVERSION = YES_AGGRESSIVE;
				CLANG_CXX_LANGUAGE_STANDARD = "gnu++14";
				CLANG_CXX_LIBRARY = "libc++";
				CLANG_ENABLE_MODULES = YES;
				CLANG_ENABLE_OBJC_ARC = YES;
				CLANG_WARN_BLOCK_CAPTURE_AUTORELEASING = YES;
				CLANG_WARN_BOOL_CONVERSION = YES;
				CLANG_WARN_COMMA = YES;
				CLANG_WARN_CONSTANT_CONVERSION = YES;
				CLANG_WARN_DIRECT_OBJC_ISA_USAGE = YES_ERROR;
				CLANG_WARN_DOCUMENTATION_COMMENTS = YES;
				CLANG_WARN_EMPTY_BODY = YES;
				CLANG_WARN_ENUM_CONVERSION = YES;
				CLANG_WARN_INFINITE_RECURSION = YES;
				CLANG_WARN_INT_CONVERSION = YES;
				CLANG_WARN_NON_LITERAL_NULL_CONVERSION = YES;
				CLANG_WARN_OBJC_LITERAL_CONVERSION = YES;
				CLANG_WARN_OBJC_ROOT_CLASS = YES_ERROR;
				CLANG_WARN_RANGE_LOOP_ANALYSIS = YES;
				CLANG_WARN_STRICT_PROTOTYPES = YES;
				CLANG_WARN_SUSPICIOUS_MOVE = YES;
				CLANG_WARN_UNGUARDED_AVAILABILITY = YES_AGGRESSIVE;
				CLANG_WARN_UNREACHABLE_CODE = YES;
				CLANG_WARN__DUPLICATE_METHOD_MATCH = YES;
				CODE_SIGN_IDENTITY = "iPhone Developer";
				COPY_PHASE_STRIP = NO;
				DEBUG_INFORMATION_FORMAT = "dwarf-with-dsym";
				ENABLE_NS_ASSERTIONS = NO;
				ENABLE_STRICT_OBJC_MSGSEND = YES;
				GCC_C_LANGUAGE_STANDARD = gnu11;
				GCC_NO_COMMON_BLOCKS = YES;
				GCC_WARN_64_TO_32_BIT_CONVERSION = YES;
				GCC_WARN_ABOUT_RETURN_TYPE = YES_ERROR;
				GCC_WARN_UNDECLARED_SELECTOR = YES;
				GCC_WARN_UNINITIALIZED_AUTOS = YES_AGGRESSIVE;
				GCC_WARN_UNUSED_FUNCTION = YES;
				GCC_WARN_UNUSED_VARIABLE = YES;
				IPHONEOS_DEPLOYMENT_TARGET = 11.2;
				MTL_ENABLE_DEBUG_INFO = NO;
				SDKROOT = iphoneos;
				SWIFT_OPTIMIZATION_LEVEL = "-Owholemodule";
				VALIDATE_PRODUCT = YES;
			};
			name = Release;
		};
		D4DC144C1FE72D2500AC40FE /* Debug */ = {
			isa = XCBuildConfiguration;
			buildSettings = {
				ASSETCATALOG_COMPILER_APPICON_NAME = AppIcon;
				CODE_SIGN_STYLE = Automatic;
				INFOPLIST_FILE = passDataBetweenSegues/Info.plist;
				LD_RUNPATH_SEARCH_PATHS = "$(inherited) @executable_path/Frameworks";
				PRODUCT_BUNDLE_IDENTIFIER = ionioxa.passDataBetweenSegues;
				PRODUCT_NAME = "$(TARGET_NAME)";
				SWIFT_VERSION = 4.0;
				TARGETED_DEVICE_FAMILY = "1,2";
			};
			name = Debug;
		};
		D4DC144D1FE72D2500AC40FE /* Release */ = {
			isa = XCBuildConfiguration;
			buildSettings = {
				ASSETCATALOG_COMPILER_APPICON_NAME = AppIcon;
				CODE_SIGN_STYLE = Automatic;
				INFOPLIST_FILE = passDataBetweenSegues/Info.plist;
				LD_RUNPATH_SEARCH_PATHS = "$(inherited) @executable_path/Frameworks";
				PRODUCT_BUNDLE_IDENTIFIER = ionioxa.passDataBetweenSegues;
				PRODUCT_NAME = "$(TARGET_NAME)";
				SWIFT_VERSION = 4.0;
				TARGETED_DEVICE_FAMILY = "1,2";
			};
			name = Release;
		};
/* End XCBuildConfiguration section */

/* Begin XCConfigurationList section */
		D4DC14341FE72D2500AC40FE /* Build configuration list for PBXProject "passDataBetweenSegues" */ = {
			isa = XCConfigurationList;
			buildConfigurations = (
				D4DC14491FE72D2500AC40FE /* Debug */,
				D4DC144A1FE72D2500AC40FE /* Release */,
			);
			defaultConfigurationIsVisible = 0;
			defaultConfigurationName = Release;
		};
		D4DC144B1FE72D2500AC40FE /* Build configuration list for PBXNativeTarget "passDataBetweenSegues" */ = {
			isa = XCConfigurationList;
			buildConfigurations = (
				D4DC144C1FE72D2500AC40FE /* Debug */,
				D4DC144D1FE72D2500AC40FE /* Release */,
			);
			defaultConfigurationIsVisible = 0;
			defaultConfigurationName = Release;
		};
/* End XCConfigurationList section */
	};
	rootObject = D4DC14311FE72D2500AC40FE /* Project object */;
}
